
Microsoft Visual Studio Solution File, Format Version 12.00
# Visual Studio Version 16
VisualStudioVersion = 16.0.30804.86
MinimumVisualStudioVersion = 10.0.40219.1
Project("{FAE04EC0-301F-11D3-BF4B-00C04F79EFBC}") = "Bufudyne", "Bufudyne.csproj", "{4C3C4CB6-0FC4-4600-8BC6-A5F4DB09855E}"
EndProject
Global
	GlobalSection(SolutionConfigurationPlatforms) = preSolution
		Debug|Any CPU = Debug|Any CPU
		Release|Any CPU = Release|Any CPU
	EndGlobalSection
	GlobalSection(ProjectConfigurationPlatforms) = postSolution
		{4C3C4CB6-0FC4-4600-8BC6-A5F4DB09855E}.Debug|Any CPU.ActiveCfg = Debug|Any CPU
		{4C3C4CB6-0FC4-4600-8BC6-A5F4DB09855E}.Debug|Any CPU.Build.0 = Debug|Any CPU
		{4C3C4CB6-0FC4-4600-8BC6-A5F4DB09855E}.Release|Any CPU.ActiveCfg = Release|Any CPU
		{4C3C4CB6-0FC4-4600-8BC6-A5F4DB09855E}.Release|Any CPU.Build.0 = Release|Any CPU
	EndGlobalSection
	GlobalSection(SolutionProperties) = preSolution
		HideSolutionNode = FALSE
	EndGlobalSection
	GlobalSection(ExtensibilityGlobals) = postSolution
		SolutionGuid = {14FDB76E-2C1E-4CAB-9889-C9C10C5A4053}
	EndGlobalSection
EndGlobal
